// !$*UTF8*$!
{
	archiveVersion = 1;
	classes = {
	};
	objectVersion = 46;
	objects = {

/* Begin PBXBuildFile section */
		CD061DBC1D0A676200DE9CA8 /* AppDelegate.swift in Sources */ = {isa = PBXBuildFile; fileRef = CD061DBB1D0A676200DE9CA8 /* AppDelegate.swift */; };
		CD061DBE1D0A676200DE9CA8 /* ViewController.swift in Sources */ = {isa = PBXBuildFile; fileRef = CD061DBD1D0A676200DE9CA8 /* ViewController.swift */; };
		CD061DC11D0A676200DE9CA8 /* Main.storyboard in Resources */ = {isa = PBXBuildFile; fileRef = CD061DBF1D0A676200DE9CA8 /* Main.storyboard */; };
		CD061DC31D0A676200DE9CA8 /* Assets.xcassets in Resources */ = {isa = PBXBuildFile; fileRef = CD061DC21D0A676200DE9CA8 /* Assets.xcassets */; };
		CD061DC61D0A676200DE9CA8 /* LaunchScreen.storyboard in Resources */ = {isa = PBXBuildFile; fileRef = CD061DC41D0A676200DE9CA8 /* LaunchScreen.storyboard */; };
/* End PBXBuildFile section */

/* Begin PBXFileReference section */
		CD061DB81D0A676200DE9CA8 /* interactiveStory.app */ = {isa = PBXFileReference; explicitFileType = wrapper.application; includeInIndex = 0; path = interactiveStory.app; sourceTree = BUILT_PRODUCTS_DIR; };
		CD061DBB1D0A676200DE9CA8 /* AppDelegate.swift */ = {isa = PBXFileReference; lastKnownFileType = sourcecode.swift; path = AppDelegate.swift; sourceTree = "<group>"; };
		CD061DBD1D0A676200DE9CA8 /* ViewController.swift */ = {isa = PBXFileReference; lastKnownFileType = sourcecode.swift; path = ViewController.swift; sourceTree = "<group>"; };
		CD061DC01D0A676200DE9CA8 /* Base */ = {isa = PBXFileReference; lastKnownFileType = file.storyboard; name = Base; path = Base.lproj/Main.storyboard; sourceTree = "<group>"; };
		CD061DC21D0A676200DE9CA8 /* Assets.xcassets */ = {isa = PBXFileReference; lastKnownFileType = folder.assetcatalog; path = Assets.xcassets; sourceTree = "<group>"; };
		CD061DC51D0A676200DE9CA8 /* Base */ = {isa = PBXFileReference; lastKnownFileType = file.storyboard; name = Base; path = Base.lproj/LaunchScreen.storyboard; sourceTree = "<group>"; };
		CD061DC71D0A676200DE9CA8 /* Info.plist */ = {isa = PBXFileReference; lastKnownFileType = text.plist.xml; path = Info.plist; sourceTree = "<group>"; };
/* End PBXFileReference section */

/* Begin PBXFrameworksBuildPhase section */
		CD061DB51D0A676100DE9CA8 /* Frameworks */ = {
			isa = PBXFrameworksBuildPhase;
			buildActionMask = 2147483647;
			files = (
			);
			runOnlyForDeploymentPostprocessing = 0;
		};
/* End PBXFrameworksBuildPhase section */

/* Begin PBXGroup section */
		CD061DAF1D0A676100DE9CA8 = {
			isa = PBXGroup;
			children = (
				CD061DBA1D0A676200DE9CA8 /* interactiveStory */,
				CD061DB91D0A676200DE9CA8 /* Products */,
			);
			sourceTree = "<group>";
		};
		CD061DB91D0A676200DE9CA8 /* Products */ = {
			isa = PBXGroup;
			children = (
				CD061DB81D0A676200DE9CA8 /* interactiveStory.app */,
			);
			name = Products;
			sourceTree = "<group>";
		};
		CD061DBA1D0A676200DE9CA8 /* interactiveStory */ = {
			isa = PBXGroup;
			children = (
				CD061DBB1D0A676200DE9CA8 /* AppDelegate.swift */,
				CD061DBD1D0A676200DE9CA8 /* ViewController.swift */,
				CD061DBF1D0A676200DE9CA8 /* Main.storyboard */,
				CD061DC21D0A676200DE9CA8 /* Assets.xcassets */,
				CD061DC41D0A676200DE9CA8 /* LaunchScreen.storyboard */,
				CD061DC71D0A676200DE9CA8 /* Info.plist */,
			);
			path = interactiveStory;
			sourceTree = "<group>";
		};
/* End PBXGroup section */

/* Begin PBXNativeTarget section */
		CD061DB71D0A676100DE9CA8 /* interactiveStory */ = {
			isa = PBXNativeTarget;
			buildConfigurationList = CD061DCA1D0A676200DE9CA8 /* Build configuration list for PBXNativeTarget "interactiveStory" */;
			buildPhases = (
				CD061DB41D0A676100DE9CA8 /* Sources */,
				CD061DB51D0A676100DE9CA8 /* Frameworks */,
				CD061DB61D0A676100DE9CA8 /* Resources */,
			);
			buildRules = (
			);
			dependencies = (
			);
			name = interactiveStory;
			productName = interactiveStory;
			productReference = CD061DB81D0A676200DE9CA8 /* interactiveStory.app */;
			productType = "com.apple.product-type.application";
		};
/* End PBXNativeTarget section */

/* Begin PBXProject section */
		CD061DB01D0A676100DE9CA8 /* Project object */ = {
			isa = PBXProject;
			attributes = {
				LastSwiftUpdateCheck = 0730;
				LastUpgradeCheck = 0730;
				ORGANIZATIONNAME = ThomZheng;
				TargetAttributes = {
					CD061DB71D0A676100DE9CA8 = {
						CreatedOnToolsVersion = 7.3.1;
						DevelopmentTeam = R668E4YWNE;
					};
				};
			};
			buildConfigurationList = CD061DB31D0A676100DE9CA8 /* Build configuration list for PBXProject "interactiveStory" */;
			compatibilityVersion = "Xcode 3.2";
			developmentRegion = English;
			hasScannedForEncodings = 0;
			knownRegions = (
				en,
				Base,
			);
			mainGroup = CD061DAF1D0A676100DE9CA8;
			productRefGroup = CD061DB91D0A676200DE9CA8 /* Products */;
			projectDirPath = "";
			projectRoot = "";
			targets = (
				CD061DB71D0A676100DE9CA8 /* interactiveStory */,
			);
		};
/* End PBXProject section */

/* Begin PBXResourcesBuildPhase section */
		CD061DB61D0A676100DE9CA8 /* Resources */ = {
			isa = PBXResourcesBuildPhase;
			buildActionMask = 2147483647;
			files = (
				CD061DC61D0A676200DE9CA8 /* LaunchScreen.storyboard in Resources */,
				CD061DC31D0A676200DE9CA8 /* Assets.xcassets in Resources */,
				CD061DC11D0A676200DE9CA8 /* Main.storyboard in Resources */,
			);
			runOnlyForDeploymentPostprocessing = 0;
		};
/* End PBXResourcesBuildPhase section */

/* Begin PBXSourcesBuildPhase section */
		CD061DB41D0A676100DE9CA8 /* Sources */ = {
			isa = PBXSourcesBuildPhase;
			buildActionMask = 2147483647;
			files = (
				CD061DBE1D0A676200DE9CA8 /* ViewController.swift in Sources */,
				CD061DBC1D0A676200DE9CA8 /* AppDelegate.swift in Sources */,
			);
			runOnlyForDeploymentPostprocessing = 0;
		};
/* End PBXSourcesBuildPhase section */

/* Begin PBXVariantGroup section */
		CD061DBF1D0A676200DE9CA8 /* Main.storyboard */ = {
			isa = PBXVariantGroup;
			children = (
				CD061DC01D0A676200DE9CA8 /* Base */,
			);
			name = Main.storyboard;
			sourceTree = "<group>";
		};
		CD061DC41D0A676200DE9CA8 /* LaunchScreen.storyboard */ = {
			isa = PBXVariantGroup;
			children = (
				CD061DC51D0A676200DE9CA8 /* Base */,
			);
			name = LaunchScreen.storyboard;
			sourceTree = "<group>";
		};
/* End PBXVariantGroup section */

/* Begin XCBuildConfiguration section */
		CD061DC81D0A676200DE9CA8 /* Debug */ = {
			isa = XCBuildConfiguration;
			buildSettings = {
				ALWAYS_SEARCH_USER_PATHS = NO;
				CLANG_ANALYZER_NONNULL = YES;
				CLANG_CXX_LANGUAGE_STANDARD = "gnu++0x";
				CLANG_CXX_LIBRARY = "libc++";
				CLANG_ENABLE_MODULES = YES;
				CLANG_ENABLE_OBJC_ARC = YES;
				CLANG_WARN_BOOL_CONVERSION = YES;
				CLANG_WARN_CONSTANT_CONVERSION = YES;
				CLANG_WARN_DIRECT_OBJC_ISA_USAGE = YES_ERROR;
				CLANG_WARN_EMPTY_BODY = YES;
				CLANG_WARN_ENUM_CONVERSION = YES;
				CLANG_WARN_INT_CONVERSION = YES;
				CLANG_WARN_OBJC_ROOT_CLASS = YES_ERROR;
				CLANG_WARN_UNREACHABLE_CODE = YES;
				CLANG_WARN__DUPLICATE_METHOD_MATCH = YES;
				"CODE_SIGN_IDENTITY[sdk=iphoneos*]" = "iPhone Developer";
				COPY_PHASE_STRIP = NO;
				DEBUG_INFORMATION_FORMAT = dwarf;
				ENABLE_STRICT_OBJC_MSGSEND = YES;
				ENABLE_TESTABILITY = YES;
				GCC_C_LANGUAGE_STANDARD = gnu99;
				GCC_DYNAMIC_NO_PIC = NO;
				GCC_NO_COMMON_BLOCKS = YES;
				GCC_OPTIMIZATION_LEVEL = 0;
				GCC_PREPROCESSOR_DEFINITIONS = (
					"DEBUG=1",
					"$(inherited)",
				);
				GCC_WARN_64_TO_32_BIT_CONVERSION = YES;
				GCC_WARN_ABOUT_RETURN_TYPE = YES_ERROR;
				GCC_WARN_UNDECLARED_SELECTOR = YES;
				GCC_WARN_UNINITIALIZED_AUTOS = YES_AGGRESSIVE;
				GCC_WARN_UNUSED_FUNCTION = YES;
				GCC_WARN_UNUSED_VARIABLE = YES;
				IPHONEOS_DEPLOYMENT_TARGET = 9.3;
				MTL_ENABLE_DEBUG_INFO = YES;
				ONLY_ACTIVE_ARCH = YES;
				SDKROOT = iphoneos;
				SWIFT_OPTIMIZATION_LEVEL = "-Onone";
			};
			name = Debug;
		};
		CD061DC91D0A676200DE9CA8 /* Release */ = {
			isa = XCBuildConfiguration;
			buildSettings = {
				ALWAYS_SEARCH_USER_PATHS = NO;
				CLANG_ANALYZER_NONNULL = YES;
				CLANG_CXX_LANGUAGE_STANDARD = "gnu++0x";
				CLANG_CXX_LIBRARY = "libc++";
				CLANG_ENABLE_MODULES = YES;
				CLANG_ENABLE_OBJC_ARC = YES;
				CLANG_WARN_BOOL_CONVERSION = YES;
				CLANG_WARN_CONSTANT_CONVERSION = YES;
				CLANG_WARN_DIRECT_OBJC_ISA_USAGE = YES_ERROR;
				CLANG_WARN_EMPTY_BODY = YES;
				CLANG_WARN_ENUM_CONVERSION = YES;
				CLANG_WARN_INT_CONVERSION = YES;
				CLANG_WARN_OBJC_ROOT_CLASS = YES_ERROR;
				CLANG_WARN_UNREACHABLE_CODE = YES;
				CLANG_WARN__DUPLICATE_METHOD_MATCH = YES;
				"CODE_SIGN_IDENTITY[sdk=iphoneos*]" = "iPhone Developer";
				COPY_PHASE_STRIP = NO;
				DEBUG_INFORMATION_FORMAT = "dwarf-with-dsym";
				ENABLE_NS_ASSERTIONS = NO;
				ENABLE_STRICT_OBJC_MSGSEND = YES;
				GCC_C_LANGUAGE_STANDARD = gnu99;
				GCC_NO_COMMON_BLOCKS = YES;
				GCC_WARN_64_TO_32_BIT_CONVERSION = YES;
				GCC_WARN_ABOUT_RETURN_TYPE = YES_ERROR;
				GCC_WARN_UNDECLARED_SELECTOR = YES;
				GCC_WARN_UNINITIALIZED_AUTOS = YES_AGGRESSIVE;
				GCC_WARN_UNUSED_FUNCTION = YES;
				GCC_WARN_UNUSED_VARIABLE = YES;
				IPHONEOS_DEPLOYMENT_TARGET = 9.3;
				MTL_ENABLE_DEBUG_INFO = NO;
				SDKROOT = iphoneos;
				VALIDATE_PRODUCT = YES;
			};
			name = Release;
		};
		CD061DCB1D0A676200DE9CA8 /* Debug */ = {
			isa = XCBuildConfiguration;
			buildSettings = {
				ASSETCATALOG_COMPILER_APPICON_NAME = AppIcon;
				CODE_SIGN_IDENTITY = "iPhone Developer";
				"CODE_SIGN_IDENTITY[sdk=iphoneos*]" = "iPhone Developer";
				INFOPLIST_FILE = interactiveStory/Info.plist;
				LD_RUNPATH_SEARCH_PATHS = "$(inherited) @executable_path/Frameworks";
				PRODUCT_BUNDLE_IDENTIFIER = com.condat.Funfacts.interactiveStory;
				PRODUCT_NAME = "$(TARGET_NAME)";
				PROVISIONING_PROFILE = "";
			};
			name = Debug;
		};
		CD061DCC1D0A676200DE9CA8 /* Release */ = {
			isa = XCBuildConfiguration;
			buildSettings = {
				ASSETCATALOG_COMPILER_APPICON_NAME = AppIcon;
				CODE_SIGN_IDENTITY = "iPhone Developer";
				"CODE_SIGN_IDENTITY[sdk=iphoneos*]" = "iPhone Developer";
				INFOPLIST_FILE = interactiveStory/Info.plist;
				LD_RUNPATH_SEARCH_PATHS = "$(inherited) @executable_path/Frameworks";
				PRODUCT_BUNDLE_IDENTIFIER = com.condat.Funfacts.interactiveStory;
				PRODUCT_NAME = "$(TARGET_NAME)";
				PROVISIONING_PROFILE = "";
			};
			name = Release;
		};
/* End XCBuildConfiguration section */

/* Begin XCConfigurationList section */
		CD061DB31D0A676100DE9CA8 /* Build configuration list for PBXProject "interactiveStory" */ = {
			isa = XCConfigurationList;
			buildConfigurations = (
				CD061DC81D0A676200DE9CA8 /* Debug */,
				CD061DC91D0A676200DE9CA8 /* Release */,
			);
			defaultConfigurationIsVisible = 0;
			defaultConfigurationName = Release;
		};
		CD061DCA1D0A676200DE9CA8 /* Build configuration list for PBXNativeTarget "interactiveStory" */ = {
			isa = XCConfigurationList;
			buildConfigurations = (
				CD061DCB1D0A676200DE9CA8 /* Debug */,
				CD061DCC1D0A676200DE9CA8 /* Release */,
			);
			defaultConfigurationIsVisible = 0;
		};
/* End XCConfigurationList section */
	};
	rootObject = CD061DB01D0A676100DE9CA8 /* Project object */;
}
